# THIS IS AN AUTOGENERATED FILE. DO NOT EDIT THIS FILE DIRECTLY.
# yarn lockfile v1


openapi-fetch@^0.8.1:
  version "0.8.1"
  resolved "https://registry.yarnpkg.com/openapi-fetch/-/openapi-fetch-0.8.1.tgz#a2bda1f72a8311e92cc789d1c8fec7b2d8ca28b6"
  integrity sha512-xmzMaBCydPTMd0TKy4P2DYx/JOe9yjXtPIky1n1GV7nJJdZ3IZgSHvAWVbe06WsPD8EreR7E97IAiskPr6sa2g==
  dependencies:
    openapi-typescript-helpers "^0.0.4"

openapi-typescript-helpers@^0.0.4:
  version "0.0.4"
  resolved "https://registry.yarnpkg.com/openapi-typescript-helpers/-/openapi-typescript-helpers-0.0.4.tgz#ffe7c4868f094fcc8502dbdcddc6c32ce8011aee"
  integrity sha512-Q0MTapapFAG993+dx8lNw33X6P/6EbFr31yNymJHq56fNc6dODyRm8tWyRnGxuC74lyl1iCRMV6nQCGQsfVNKg==
